
Microsoft Visual Studio Solution File, Format Version 12.00
# Visual Studio Version 16
VisualStudioVersion = 16.0.31702.278
MinimumVisualStudioVersion = 10.0.40219.1
Project("{FAE04EC0-301F-11D3-BF4B-00C04F79EFBC}") = "FantasmaTracker", "FantasmaTracker\FantasmaTracker.csproj", "{788029F7-319A-4B1F-90BF-F326B0B344B5}"
EndProject
Project("{54435603-DBB4-11D2-8724-00A0C9A8B90C}") = "Instalador", "Instalador\Instalador.vdproj", "{3EAA240C-2EDC-43B2-A7BC-D7DA3DC0900E}"
EndProject
Global
	GlobalSection(SolutionConfigurationPlatforms) = preSolution
		Debug|Any CPU = Debug|Any CPU
		Release|Any CPU = Release|Any CPU
	EndGlobalSection
	GlobalSection(ProjectConfigurationPlatforms) = postSolution
		{788029F7-319A-4B1F-90BF-F326B0B344B5}.Debug|Any CPU.ActiveCfg = Debug|Any CPU
		{788029F7-319A-4B1F-90BF-F326B0B344B5}.Debug|Any CPU.Build.0 = Debug|Any CPU
		{788029F7-319A-4B1F-90BF-F326B0B344B5}.Release|Any CPU.ActiveCfg = Release|Any CPU
		{788029F7-319A-4B1F-90BF-F326B0B344B5}.Release|Any CPU.Build.0 = Release|Any CPU
		{3EAA240C-2EDC-43B2-A7BC-D7DA3DC0900E}.Debug|Any CPU.ActiveCfg = Debug
		{3EAA240C-2EDC-43B2-A7BC-D7DA3DC0900E}.Release|Any CPU.ActiveCfg = Release
	EndGlobalSection
	GlobalSection(SolutionProperties) = preSolution
		HideSolutionNode = FALSE
	EndGlobalSection
	GlobalSection(ExtensibilityGlobals) = postSolution
		SolutionGuid = {BC96C679-8E5E-482B-AF81-ACCD929064F5}
	EndGlobalSection
EndGlobal
